{
  "version": 4,
  "terraform_version": "1.9.5",
  "serial": 6,
  "lineage": "84946893-9f11-af8c-1b25-0eed075208c3",
  "outputs": {},
  "resources": [
    {
      "mode": "data",
      "type": "google_storage_bucket",
      "name": "hack-and-heat-2024-task-5",
      "provider": "provider[\"registry.terraform.io/hashicorp/google\"]",
      "instances": [
        {
          "schema_version": 0,
          "attributes": {
            "autoclass": [],
            "cors": [],
            "custom_placement_config": [],
            "default_event_based_hold": false,
            "effective_labels": {},
            "enable_object_retention": false,
            "encryption": [],
            "force_destroy": null,
            "id": "hack-and-heat-2024-task-5",
            "labels": {},
            "lifecycle_rule": [],
            "location": "EU",
            "logging": [],
            "name": "hack-and-heat-2024-task-5",
            "project": "senacor-hack-and-heat-2024",
            "project_number": 370161324872,
            "public_access_prevention": "inherited",
            "requester_pays": false,
            "retention_policy": [],
            "rpo": "DEFAULT",
            "self_link": "https://www.googleapis.com/storage/v1/b/hack-and-heat-2024-task-5",
            "soft_delete_policy": [
              {
                "effective_time": "2024-09-10T20:27:13.301Z",
                "retention_duration_seconds": 604800
              }
            ],
            "storage_class": "STANDARD",
            "terraform_labels": {},
            "uniform_bucket_level_access": true,
            "url": "gs://hack-and-heat-2024-task-5",
            "versioning": [],
            "website": []
          },
          "sensitive_attributes": []
        }
      ]
    },
    {
      "mode": "managed",
      "type": "google_service_account",
      "name": "service_account",
      "provider": "provider[\"registry.terraform.io/hashicorp/google\"]",
      "instances": [
        {
          "schema_version": 0,
          "attributes": {
            "account_id": "fmsenacor",
            "create_ignore_already_exists": null,
            "description": "",
            "disabled": false,
            "display_name": "fmsenacor",
            "email": "fmsenacor@senacor-hack-and-heat-2024.iam.gserviceaccount.com",
            "id": "projects/senacor-hack-and-heat-2024/serviceAccounts/fmsenacor@senacor-hack-and-heat-2024.iam.gserviceaccount.com",
            "member": "serviceAccount:fmsenacor@senacor-hack-and-heat-2024.iam.gserviceaccount.com",
            "name": "projects/senacor-hack-and-heat-2024/serviceAccounts/fmsenacor@senacor-hack-and-heat-2024.iam.gserviceaccount.com",
            "project": "senacor-hack-and-heat-2024",
            "timeouts": null,
            "unique_id": "118018384355753142263"
          },
          "sensitive_attributes": [],
          "private": "eyJlMmJmYjczMC1lY2FhLTExZTYtOGY4OC0zNDM2M2JjN2M0YzAiOnsiY3JlYXRlIjozMDAwMDAwMDAwMDB9fQ=="
        }
      ]
    },
    {
      "mode": "managed",
      "type": "google_storage_bucket",
      "name": "meineimer",
      "provider": "provider[\"registry.terraform.io/hashicorp/google\"]",
      "instances": [
        {
          "schema_version": 3,
          "attributes": {
            "autoclass": [],
            "cors": [],
            "custom_placement_config": [],
            "default_event_based_hold": false,
            "effective_labels": {
              "goog-terraform-provisioned": "true"
            },
            "enable_object_retention": false,
            "encryption": [],
            "force_destroy": true,
            "id": "florianseimer",
            "labels": {},
            "lifecycle_rule": [],
            "location": "EU",
            "logging": [],
            "name": "florianseimer",
            "project": "senacor-hack-and-heat-2024",
            "project_number": 370161324872,
            "public_access_prevention": "inherited",
            "requester_pays": false,
            "retention_policy": [],
            "rpo": "DEFAULT",
            "self_link": "https://www.googleapis.com/storage/v1/b/florianseimer",
            "soft_delete_policy": [
              {
                "effective_time": "2024-09-12T08:28:02.042Z",
                "retention_duration_seconds": 604800
              }
            ],
            "storage_class": "STANDARD",
            "terraform_labels": {
              "goog-terraform-provisioned": "true"
            },
            "timeouts": null,
            "uniform_bucket_level_access": false,
            "url": "gs://florianseimer",
            "versioning": [],
            "website": []
          },
          "sensitive_attributes": [],
          "private": "eyJlMmJmYjczMC1lY2FhLTExZTYtOGY4OC0zNDM2M2JjN2M0YzAiOnsiY3JlYXRlIjo2MDAwMDAwMDAwMDAsInJlYWQiOjI0MDAwMDAwMDAwMCwidXBkYXRlIjoyNDAwMDAwMDAwMDB9LCJzY2hlbWFfdmVyc2lvbiI6IjMifQ=="
        }
      ]
    },
    {
      "mode": "managed",
      "type": "google_storage_bucket_iam_binding",
      "name": "binding",
      "provider": "provider[\"registry.terraform.io/hashicorp/google\"]",
      "instances": [
        {
          "schema_version": 0,
          "attributes": {
            "bucket": "b/florianseimer",
            "condition": [],
            "etag": "CAI=",
            "id": "b/florianseimer/roles/storage.admin",
            "members": [
              "user:florian.motz@senacor.com"
            ],
            "role": "roles/storage.admin"
          },
          "sensitive_attributes": [],
          "private": "bnVsbA==",
          "dependencies": [
            "google_storage_bucket.meineimer"
          ]
        }
      ]
    },
    {
      "mode": "managed",
      "type": "google_storage_bucket_object",
      "name": "picture",
      "provider": "provider[\"registry.terraform.io/hashicorp/google\"]",
      "instances": [
        {
          "schema_version": 0,
          "attributes": {
            "bucket": "hack-and-heat-2024-task-5",
            "cache_control": "",
            "content": null,
            "content_disposition": "",
            "content_encoding": "",
            "content_language": "",
            "content_type": "text/plain; charset=utf-8",
            "crc32c": "6oueBw==",
            "customer_encryption": [],
            "detect_md5hash": "m6BnLb1U49QQe65ex62uMg==",
            "event_based_hold": false,
            "generation": 1726130400617693,
            "id": "hack-and-heat-2024-task-5-butterflyyyy",
            "kms_key_name": "",
            "md5hash": "m6BnLb1U49QQe65ex62uMg==",
            "media_link": "https://storage.googleapis.com/download/storage/v1/b/hack-and-heat-2024-task-5/o/butterflyyyy?generation=1726130400617693\u0026alt=media",
            "metadata": null,
            "name": "butterflyyyy",
            "output_name": "butterflyyyy",
            "retention": [],
            "self_link": "https://www.googleapis.com/storage/v1/b/hack-and-heat-2024-task-5/o/butterflyyyy",
            "source": "README.md",
            "storage_class": "STANDARD",
            "temporary_hold": false,
            "timeouts": null
          },
          "sensitive_attributes": [
            [
              {
                "type": "get_attr",
                "value": "content"
              }
            ]
          ],
          "private": "eyJlMmJmYjczMC1lY2FhLTExZTYtOGY4OC0zNDM2M2JjN2M0YzAiOnsiY3JlYXRlIjoyNDAwMDAwMDAwMDAsImRlbGV0ZSI6MjQwMDAwMDAwMDAwLCJ1cGRhdGUiOjI0MDAwMDAwMDAwMH19"
        }
      ]
    }
  ],
  "check_results": null
}
