{
  "version": 4,
  "terraform_version": "1.9.5",
  "serial": 8,
  "lineage": "84946893-9f11-af8c-1b25-0eed075208c3",
  "outputs": {},
  "resources": [
    {
      "mode": "data",
      "type": "google_storage_bucket",
      "name": "hack-and-heat-2024-task-5",
      "provider": "provider[\"registry.terraform.io/hashicorp/google\"]",
      "instances": [
        {
          "schema_version": 0,
          "attributes": {
            "autoclass": [],
            "cors": [],
            "custom_placement_config": [],
            "default_event_based_hold": false,
            "effective_labels": {},
            "enable_object_retention": false,
            "encryption": [],
            "force_destroy": null,
            "id": "hack-and-heat-2024-task-5",
            "labels": {},
            "lifecycle_rule": [],
            "location": "EU",
            "logging": [],
            "name": "hack-and-heat-2024-task-5",
            "project": "senacor-hack-and-heat-2024",
            "project_number": 370161324872,
            "public_access_prevention": "inherited",
            "requester_pays": false,
            "retention_policy": [],
            "rpo": "DEFAULT",
            "self_link": "https://www.googleapis.com/storage/v1/b/hack-and-heat-2024-task-5",
            "soft_delete_policy": [
              {
                "effective_time": "2024-09-10T20:27:13.301Z",
                "retention_duration_seconds": 604800
              }
            ],
            "storage_class": "STANDARD",
            "terraform_labels": {},
            "uniform_bucket_level_access": true,
            "url": "gs://hack-and-heat-2024-task-5",
            "versioning": [],
            "website": []
          },
          "sensitive_attributes": []
        }
      ]
    },
    {
      "mode": "managed",
      "type": "google_service_account",
      "name": "service_account",
      "provider": "provider[\"registry.terraform.io/hashicorp/google\"]",
      "instances": [
        {
          "schema_version": 0,
          "attributes": {
            "account_id": "fmsenacor",
            "create_ignore_already_exists": null,
            "description": "",
            "disabled": false,
            "display_name": "fmsenacor",
            "email": "fmsenacor@senacor-hack-and-heat-2024.iam.gserviceaccount.com",
            "id": "projects/senacor-hack-and-heat-2024/serviceAccounts/fmsenacor@senacor-hack-and-heat-2024.iam.gserviceaccount.com",
            "member": "serviceAccount:fmsenacor@senacor-hack-and-heat-2024.iam.gserviceaccount.com",
            "name": "projects/senacor-hack-and-heat-2024/serviceAccounts/fmsenacor@senacor-hack-and-heat-2024.iam.gserviceaccount.com",
            "project": "senacor-hack-and-heat-2024",
            "timeouts": null,
            "unique_id": "118018384355753142263"
          },
          "sensitive_attributes": [],
          "private": "eyJlMmJmYjczMC1lY2FhLTExZTYtOGY4OC0zNDM2M2JjN2M0YzAiOnsiY3JlYXRlIjozMDAwMDAwMDAwMDB9fQ=="
        }
      ]
    },
    {
      "mode": "managed",
      "type": "google_service_account_key",
      "name": "meinkey",
      "provider": "provider[\"registry.terraform.io/hashicorp/google\"]",
      "instances": [
        {
          "schema_version": 0,
          "attributes": {
            "id": "projects/senacor-hack-and-heat-2024/serviceAccounts/fmsenacor@senacor-hack-and-heat-2024.iam.gserviceaccount.com/keys/d3c46b64286630ea721e599aa3f0639a0d185158",
            "keepers": null,
            "key_algorithm": "KEY_ALG_RSA_2048",
            "name": "projects/senacor-hack-and-heat-2024/serviceAccounts/fmsenacor@senacor-hack-and-heat-2024.iam.gserviceaccount.com/keys/d3c46b64286630ea721e599aa3f0639a0d185158",
            "private_key": "ewogICJ0eXBlIjogInNlcnZpY2VfYWNjb3VudCIsCiAgInByb2plY3RfaWQiOiAic2VuYWNvci1oYWNrLWFuZC1oZWF0LTIwMjQiLAogICJwcml2YXRlX2tleV9pZCI6ICJkM2M0NmI2NDI4NjYzMGVhNzIxZTU5OWFhM2YwNjM5YTBkMTg1MTU4IiwKICAicHJpdmF0ZV9rZXkiOiAiLS0tLS1CRUdJTiBQUklWQVRFIEtFWS0tLS0tXG5NSUlFdlFJQkFEQU5CZ2txaGtpRzl3MEJBUUVGQUFTQ0JLY3dnZ1NqQWdFQUFvSUJBUUNrUmpKd2pzR2tHbkdhXG4xRjFEQmhlVEVtSzc0ZmUrUWtydkZna21kSE44RVJEc0pJM1ZiYU9UbTVabG45bmJIUG9WOXU4MUxvTDY2MUVWXG50VnRUdnQrYUhaZFFSeHlsTEJRRnNFempUN2ZyWGMxSExMckJ5a25DYlZhUVBPcXIzRW55OE4zREpUQ0VJTGRBXG5WWHBVZlA2cFVlTWUxQlRwc1dOV2VtQzlUVDhNcktvdGQ1ZWRKMEU4MzdEWkp0TVpmdEl6WHJBVm04ZGNiMUU0XG5telVFYWoyMlhBTHlYMksrN0dMK1M2a295ZnBGV2dqNFVaYlFjVVpDdGtQdGxLRE5oSWxRcklBaFNqVHFKOEJ2XG53T1dYSFpUTnlpZFpaYy9HNzZ5OXZUaXBPQWtJamNCREVPUWFkQmZtdG5HYWVvVVNvOUhtU3hTbVpGL0ltVExjXG5OSUtHQldsWEFnTUJBQUVDZ2dFQVJVSnZXN05rZ3ZxL01RY2VOdmJuazVOcDIwci9OOUVkWk1ZR241YnpaYmlRXG5TTzkwZVNxYmo4MUdVSnhmcnBqOSs2cTcyZEU5V2V0Q3FZTm4rTnY5ekMxenNWMzUvczJodDNCSVNvSSt5ZFluXG5pVDJiazc3azhEdEhCdE1ZSWROanZqQzlYdHhjSXlqaitoVFAyYlZGYlQvZ0lReExzT2VnT1VLcGJNYVhzWkNoXG5xc083eE9TUmFIVHIzTEo5TGtrdm9CRmxGMTFweFhvdVo3UUF1bDcxSUFNSzk4UFVwV0ZncWVSZFJLWXVEblBBXG5KNjJpcFVjVGFPcGJvVElwS3IxNTFUblZBN0pZM1BETnhsM3lEMUZzNW9YcnJmdG1pdEk4SHJKY3N1VGhsZzRuXG41ZTlGaXpsc0cyLzU0WWxwUlFPa3ZZNGdHKzNTV3duaVFOMHdYVENPS1FLQmdRRFdkU0lKN2JyWWNaVjZqcjJ3XG41Y2FzSXBSMll4ejYrUVliNURGVjZnNU9pa2NvMFY3bEVqcHRIWWxrTWtnOU5JWU8xWkpDR0xxYTBac3RIZnJ1XG4xMmd5VG5sVmNJUkJmVUxSdm1Bb1AvV2F1YjlKYUdQRVRiTmErcVJRSHVTMlM4UUxlYURkYmgzWTV6ZCsrRVY4XG5pVks4eTNPbnJBbWZYVSszV1FMNWpzdDNjd0tCZ1FERUdIM1FZeHJiUG02RXV6ZXdDcFJiNXVKbGE3bVM4bFVtXG5tWHJqSVRmVldkNElFUHdUdFpiY0xLcVlqM3hQMzFQQTlTek5lbFgzQ09DUkRESHp1L1UzeWRnZ2gvNnN6aUlRXG5zWldWUFVHUWpRa0F1UlYvRWdSTjB6dDlvNDdQSEY0YWVtcEx2NFFEQzdtUWNGbUhvUTNwN2FYMmxLQThkYWxjXG40Q2RxWTBzbGpRS0JnUUN6WmVMbW1WYlBEeDB6RzhzMCt0SWFWd2NJamRyRlc2R3ZuVkZrQkZxWmV2VVNBU3MzXG54dXJYTW5rbk55VFZCbVlLYk1CZnlGMzVldFFyaHNQT0hxWE1SM2NhY1BoQjdHNEVGUlJOTjB2V2RnRzlmN1ROXG5sdzR0VWpRM3pkQVhhd1FCY1dxUE1UbUlvOHI1ek9nYnlLaE14SWpvUDNNQlBFYWVJcmpwV0hsK1h3S0JnRVUvXG5QTmFrMkt3SmZPK2tTVU1DU1dlMnZjWUE1NVJydlFRWGVOelNNeXhGUXZIb1JZd1VPUVRoUlJFQXdtNVdOL1pRXG4zaFJsbWd2VmQ2L2c5WmJUamdHNFpuaitiVUhLdlI3V0J6T2ZZUkxScXhjMVJORU5wTFZ5M1hROW1NV3NoOUtqXG4zZnVIMHU5Y2FaZ0hCS2F2aWdGTXFhbk16RlR0Vy9Sdk41d0xHbE5WQW9HQVhhVFNWRHpWRGVMQ0Q2aWJRbmphXG5qT3pnS0p1dXJ5TEpVREo3YXFuaHJobElzMWJyZHVvM1hTbXdSSnU1YjJNOHE5bUZWTjZ2bjBhVFlJOUE4cHFwXG5ZVkVnS0JITXRZendEZjJ5OThpcjBFUlU0cHlxY0RjejRTOFcweXhmWExaNHNXelQwOWJEZDRDbnQ5S05YUDVkXG5qc0U0alIxM2pBY1JIbEpXK3k2S0VVOD1cbi0tLS0tRU5EIFBSSVZBVEUgS0VZLS0tLS1cbiIsCiAgImNsaWVudF9lbWFpbCI6ICJmbXNlbmFjb3JAc2VuYWNvci1oYWNrLWFuZC1oZWF0LTIwMjQuaWFtLmdzZXJ2aWNlYWNjb3VudC5jb20iLAogICJjbGllbnRfaWQiOiAiMTE4MDE4Mzg0MzU1NzUzMTQyMjYzIiwKICAiYXV0aF91cmkiOiAiaHR0cHM6Ly9hY2NvdW50cy5nb29nbGUuY29tL28vb2F1dGgyL2F1dGgiLAogICJ0b2tlbl91cmkiOiAiaHR0cHM6Ly9vYXV0aDIuZ29vZ2xlYXBpcy5jb20vdG9rZW4iLAogICJhdXRoX3Byb3ZpZGVyX3g1MDlfY2VydF91cmwiOiAiaHR0cHM6Ly93d3cuZ29vZ2xlYXBpcy5jb20vb2F1dGgyL3YxL2NlcnRzIiwKICAiY2xpZW50X3g1MDlfY2VydF91cmwiOiAiaHR0cHM6Ly93d3cuZ29vZ2xlYXBpcy5jb20vcm9ib3QvdjEvbWV0YWRhdGEveDUwOS9mbXNlbmFjb3IlNDBzZW5hY29yLWhhY2stYW5kLWhlYXQtMjAyNC5pYW0uZ3NlcnZpY2VhY2NvdW50LmNvbSIsCiAgInVuaXZlcnNlX2RvbWFpbiI6ICJnb29nbGVhcGlzLmNvbSIKfQo=",
            "private_key_type": "TYPE_GOOGLE_CREDENTIALS_FILE",
            "public_key": "LS0tLS1CRUdJTiBDRVJUSUZJQ0FURS0tLS0tCk1JSUMvRENDQWVTZ0F3SUJBZ0lJTkdJemdaczFFTWd3RFFZSktvWklodmNOQVFFRkJRQXdJREVlTUJ3R0ExVUUKQXd3Vk1URTRNREU0TXpnME16VTFOelV6TVRReU1qWXpNQ0FYRFRJME1Ea3hNakE0TkRNeU5Gb1lEems1T1RreApNak14TWpNMU9UVTVXakFnTVI0d0hBWURWUVFEREJVeE1UZ3dNVGd6T0RRek5UVTNOVE14TkRJeU5qTXdnZ0VpCk1BMEdDU3FHU0liM0RRRUJBUVVBQTRJQkR3QXdnZ0VLQW9JQkFRQ2tSakp3anNHa0duR2ExRjFEQmhlVEVtSzcKNGZlK1FrcnZGZ2ttZEhOOEVSRHNKSTNWYmFPVG01WmxuOW5iSFBvVjl1ODFMb0w2NjFFVnRWdFR2dCthSFpkUQpSeHlsTEJRRnNFempUN2ZyWGMxSExMckJ5a25DYlZhUVBPcXIzRW55OE4zREpUQ0VJTGRBVlhwVWZQNnBVZU1lCjFCVHBzV05XZW1DOVRUOE1yS290ZDVlZEowRTgzN0RaSnRNWmZ0SXpYckFWbThkY2IxRTRtelVFYWoyMlhBTHkKWDJLKzdHTCtTNmtveWZwRldnajRVWmJRY1VaQ3RrUHRsS0ROaElsUXJJQWhTalRxSjhCdndPV1hIWlROeWlkWgpaYy9HNzZ5OXZUaXBPQWtJamNCREVPUWFkQmZtdG5HYWVvVVNvOUhtU3hTbVpGL0ltVExjTklLR0JXbFhBZ01CCkFBR2pPREEyTUF3R0ExVWRFd0VCL3dRQ01BQXdEZ1lEVlIwUEFRSC9CQVFEQWdlQU1CWUdBMVVkSlFFQi93UU0KTUFvR0NDc0dBUVVGQndNQ01BMEdDU3FHU0liM0RRRUJCUVVBQTRJQkFRQjdxdTF2am4vNjlORUxPWGFzNEphZApYYkZuNXBuUmlaVG9JZm1UMDlxc1YveXpZdjBIVWFjbFVtbEsxZ3pZT25oTVJOajJwQUlzcTRwRHlHRHREc2RuCm5sNTR1YXFRWTV5UmY0RnpKWFhwbEVmRXJIVEc1MjJtNkp5NG41MkxtaHdzYWVldThURmFKQVVSUmt2M0huZTYKOUFiUDNYQ1kzRm5pTmxic3Z6eWJCUHJzbk5MYmFyZ3N3ZUVuQXl0NHNTd3hjblV2dnhCOEx6T0I1eUtxSXpqNwpuajhaQmpvMm1lMXFwYWt0OGdlblhybDVPWlYzSms0RW5lc21DekM3K0hzQ21xWU4rUkZGdHZTa080VFlkQ2hVCmlxWU9SZXlmTHIxcVNBcmp0WnJyczVETEtFWHlsMEIvdXVtc0xyaWV0cmlHYVpxWVJ1RUprMW5JSEZaV3AxWWEKLS0tLS1FTkQgQ0VSVElGSUNBVEUtLS0tLQo=",
            "public_key_data": null,
            "public_key_type": "TYPE_X509_PEM_FILE",
            "service_account_id": "projects/senacor-hack-and-heat-2024/serviceAccounts/fmsenacor@senacor-hack-and-heat-2024.iam.gserviceaccount.com",
            "valid_after": "2024-09-12T08:43:24Z",
            "valid_before": "9999-12-31T23:59:59Z"
          },
          "sensitive_attributes": [
            [
              {
                "type": "get_attr",
                "value": "private_key"
              }
            ]
          ],
          "private": "bnVsbA==",
          "dependencies": [
            "google_service_account.service_account"
          ]
        }
      ]
    },
    {
      "mode": "managed",
      "type": "google_storage_bucket",
      "name": "meineimer",
      "provider": "provider[\"registry.terraform.io/hashicorp/google\"]",
      "instances": [
        {
          "schema_version": 3,
          "attributes": {
            "autoclass": [],
            "cors": [],
            "custom_placement_config": [],
            "default_event_based_hold": false,
            "effective_labels": {
              "goog-terraform-provisioned": "true"
            },
            "enable_object_retention": false,
            "encryption": [],
            "force_destroy": true,
            "id": "florianseimer",
            "labels": {},
            "lifecycle_rule": [],
            "location": "EU",
            "logging": [],
            "name": "florianseimer",
            "project": "senacor-hack-and-heat-2024",
            "project_number": 370161324872,
            "public_access_prevention": "inherited",
            "requester_pays": false,
            "retention_policy": [],
            "rpo": "DEFAULT",
            "self_link": "https://www.googleapis.com/storage/v1/b/florianseimer",
            "soft_delete_policy": [
              {
                "effective_time": "2024-09-12T08:28:02.042Z",
                "retention_duration_seconds": 604800
              }
            ],
            "storage_class": "STANDARD",
            "terraform_labels": {
              "goog-terraform-provisioned": "true"
            },
            "timeouts": null,
            "uniform_bucket_level_access": false,
            "url": "gs://florianseimer",
            "versioning": [],
            "website": []
          },
          "sensitive_attributes": [],
          "private": "eyJlMmJmYjczMC1lY2FhLTExZTYtOGY4OC0zNDM2M2JjN2M0YzAiOnsiY3JlYXRlIjo2MDAwMDAwMDAwMDAsInJlYWQiOjI0MDAwMDAwMDAwMCwidXBkYXRlIjoyNDAwMDAwMDAwMDB9LCJzY2hlbWFfdmVyc2lvbiI6IjMifQ=="
        }
      ]
    },
    {
      "mode": "managed",
      "type": "google_storage_bucket_iam_binding",
      "name": "binding",
      "provider": "provider[\"registry.terraform.io/hashicorp/google\"]",
      "instances": [
        {
          "schema_version": 0,
          "attributes": {
            "bucket": "b/florianseimer",
            "condition": [],
            "etag": "CAI=",
            "id": "b/florianseimer/roles/storage.admin",
            "members": [
              "user:florian.motz@senacor.com"
            ],
            "role": "roles/storage.admin"
          },
          "sensitive_attributes": [],
          "private": "bnVsbA==",
          "dependencies": [
            "google_storage_bucket.meineimer"
          ]
        }
      ]
    },
    {
      "mode": "managed",
      "type": "google_storage_bucket_object",
      "name": "picture",
      "provider": "provider[\"registry.terraform.io/hashicorp/google\"]",
      "instances": [
        {
          "schema_version": 0,
          "attributes": {
            "bucket": "hack-and-heat-2024-task-5",
            "cache_control": "",
            "content": null,
            "content_disposition": "",
            "content_encoding": "",
            "content_language": "",
            "content_type": "text/plain; charset=utf-8",
            "crc32c": "6oueBw==",
            "customer_encryption": [],
            "detect_md5hash": "m6BnLb1U49QQe65ex62uMg==",
            "event_based_hold": false,
            "generation": 1726130400617693,
            "id": "hack-and-heat-2024-task-5-butterflyyyy",
            "kms_key_name": "",
            "md5hash": "m6BnLb1U49QQe65ex62uMg==",
            "media_link": "https://storage.googleapis.com/download/storage/v1/b/hack-and-heat-2024-task-5/o/butterflyyyy?generation=1726130400617693\u0026alt=media",
            "metadata": {},
            "name": "butterflyyyy",
            "output_name": "butterflyyyy",
            "retention": [],
            "self_link": "https://www.googleapis.com/storage/v1/b/hack-and-heat-2024-task-5/o/butterflyyyy",
            "source": "README.md",
            "storage_class": "STANDARD",
            "temporary_hold": false,
            "timeouts": null
          },
          "sensitive_attributes": [
            [
              {
                "type": "get_attr",
                "value": "content"
              }
            ]
          ],
          "private": "eyJlMmJmYjczMC1lY2FhLTExZTYtOGY4OC0zNDM2M2JjN2M0YzAiOnsiY3JlYXRlIjoyNDAwMDAwMDAwMDAsImRlbGV0ZSI6MjQwMDAwMDAwMDAwLCJ1cGRhdGUiOjI0MDAwMDAwMDAwMH19"
        }
      ]
    }
  ],
  "check_results": null
}
